// !$*UTF8*$!
{
	archiveVersion = 1;
	classes = {
	};
	objectVersion = 77;
	objects = {

/* Begin PBXBuildFile section */
		9D42FD292E1CE40E00863BC5 /* AppIconDev.xcassets in Resources */ = {isa = PBXBuildFile; fileRef = 9D42FD282E1CE40E00863BC5 /* AppIconDev.xcassets */; };
		9D42FD2B2E1CE42800863BC5 /* AppIconQa.xcassets in Resources */ = {isa = PBXBuildFile; fileRef = 9D42FD2A2E1CE42800863BC5 /* AppIconQa.xcassets */; };
		9D42FD2D2E1CE43A00863BC5 /* AppIconProd.xcassets in Resources */ = {isa = PBXBuildFile; fileRef = 9D42FD2C2E1CE43A00863BC5 /* AppIconProd.xcassets */; };
/* End PBXBuildFile section */

/* Begin PBXContainerItemProxy section */
		9DC285912E1CCEC20014849A /* PBXContainerItemProxy */ = {
			isa = PBXContainerItemProxy;
			containerPortal = 9DC2857B2E1CCEBC0014849A /* Project object */;
			proxyType = 1;
			remoteGlobalIDString = 9DC285822E1CCEBC0014849A;
			remoteInfo = EnvironmentConfig;
		};
		9DC2859B2E1CCEC20014849A /* PBXContainerItemProxy */ = {
			isa = PBXContainerItemProxy;
			containerPortal = 9DC2857B2E1CCEBC0014849A /* Project object */;
			proxyType = 1;
			remoteGlobalIDString = 9DC285822E1CCEBC0014849A;
			remoteInfo = EnvironmentConfig;
		};
/* End PBXContainerItemProxy section */

/* Begin PBXFileReference section */
		9D42FD282E1CE40E00863BC5 /* AppIconDev.xcassets */ = {isa = PBXFileReference; lastKnownFileType = folder.assetcatalog; path = AppIconDev.xcassets; sourceTree = "<group>"; };
		9D42FD2A2E1CE42800863BC5 /* AppIconQa.xcassets */ = {isa = PBXFileReference; lastKnownFileType = folder.assetcatalog; path = AppIconQa.xcassets; sourceTree = "<group>"; };
		9D42FD2C2E1CE43A00863BC5 /* AppIconProd.xcassets */ = {isa = PBXFileReference; lastKnownFileType = folder.assetcatalog; path = AppIconProd.xcassets; sourceTree = "<group>"; };
		9DC285832E1CCEBC0014849A /* EnvironmentConfig.app */ = {isa = PBXFileReference; explicitFileType = wrapper.application; includeInIndex = 0; path = EnvironmentConfig.app; sourceTree = BUILT_PRODUCTS_DIR; };
		9DC285902E1CCEC20014849A /* EnvironmentConfigTests.xctest */ = {isa = PBXFileReference; explicitFileType = wrapper.cfbundle; includeInIndex = 0; path = EnvironmentConfigTests.xctest; sourceTree = BUILT_PRODUCTS_DIR; };
		9DC2859A2E1CCEC20014849A /* EnvironmentConfigUITests.xctest */ = {isa = PBXFileReference; explicitFileType = wrapper.cfbundle; includeInIndex = 0; path = EnvironmentConfigUITests.xctest; sourceTree = BUILT_PRODUCTS_DIR; };
/* End PBXFileReference section */

/* Begin PBXFileSystemSynchronizedBuildFileExceptionSet section */
		9D42FD252E1CD7F000863BC5 /* Exceptions for "EnvironmentConfig" folder in "EnvironmentConfig" target */ = {
			isa = PBXFileSystemSynchronizedBuildFileExceptionSet;
			membershipExceptions = (
				Info.plist,
			);
			target = 9DC285822E1CCEBC0014849A /* EnvironmentConfig */;
		};
/* End PBXFileSystemSynchronizedBuildFileExceptionSet section */

/* Begin PBXFileSystemSynchronizedRootGroup section */
		9DC285852E1CCEBC0014849A /* EnvironmentConfig */ = {
			isa = PBXFileSystemSynchronizedRootGroup;
			exceptions = (
				9D42FD252E1CD7F000863BC5 /* Exceptions for "EnvironmentConfig" folder in "EnvironmentConfig" target */,
			);
			explicitFileTypes = {
				Info.plist = sourcecode.swift;
			};
			path = EnvironmentConfig;
			sourceTree = "<group>";
		};
		9DC285932E1CCEC20014849A /* EnvironmentConfigTests */ = {
			isa = PBXFileSystemSynchronizedRootGroup;
			path = EnvironmentConfigTests;
			sourceTree = "<group>";
		};
		9DC2859D2E1CCEC20014849A /* EnvironmentConfigUITests */ = {
			isa = PBXFileSystemSynchronizedRootGroup;
			path = EnvironmentConfigUITests;
			sourceTree = "<group>";
		};
/* End PBXFileSystemSynchronizedRootGroup section */

/* Begin PBXFrameworksBuildPhase section */
		9DC285802E1CCEBC0014849A /* Frameworks */ = {
			isa = PBXFrameworksBuildPhase;
			buildActionMask = 2147483647;
			files = (
			);
			runOnlyForDeploymentPostprocessing = 0;
		};
		9DC2858D2E1CCEC20014849A /* Frameworks */ = {
			isa = PBXFrameworksBuildPhase;
			buildActionMask = 2147483647;
			files = (
			);
			runOnlyForDeploymentPostprocessing = 0;
		};
		9DC285972E1CCEC20014849A /* Frameworks */ = {
			isa = PBXFrameworksBuildPhase;
			buildActionMask = 2147483647;
			files = (
			);
			runOnlyForDeploymentPostprocessing = 0;
		};
/* End PBXFrameworksBuildPhase section */

/* Begin PBXGroup section */
		9DC2857A2E1CCEBC0014849A = {
			isa = PBXGroup;
			children = (
				9D42FD282E1CE40E00863BC5 /* AppIconDev.xcassets */,
				9D42FD2A2E1CE42800863BC5 /* AppIconQa.xcassets */,
				9D42FD2C2E1CE43A00863BC5 /* AppIconProd.xcassets */,
				9DC285852E1CCEBC0014849A /* EnvironmentConfig */,
				9DC285932E1CCEC20014849A /* EnvironmentConfigTests */,
				9DC2859D2E1CCEC20014849A /* EnvironmentConfigUITests */,
				9DC285842E1CCEBC0014849A /* Products */,
			);
			sourceTree = "<group>";
		};
		9DC285842E1CCEBC0014849A /* Products */ = {
			isa = PBXGroup;
			children = (
				9DC285832E1CCEBC0014849A /* EnvironmentConfig.app */,
				9DC285902E1CCEC20014849A /* EnvironmentConfigTests.xctest */,
				9DC2859A2E1CCEC20014849A /* EnvironmentConfigUITests.xctest */,
			);
			name = Products;
			sourceTree = "<group>";
		};
/* End PBXGroup section */

/* Begin PBXNativeTarget section */
		9DC285822E1CCEBC0014849A /* EnvironmentConfig */ = {
			isa = PBXNativeTarget;
			buildConfigurationList = 9DC285A42E1CCEC20014849A /* Build configuration list for PBXNativeTarget "EnvironmentConfig" */;
			buildPhases = (
				9DC2857F2E1CCEBC0014849A /* Sources */,
				9DC285802E1CCEBC0014849A /* Frameworks */,
				9DC285812E1CCEBC0014849A /* Resources */,
			);
			buildRules = (
			);
			dependencies = (
			);
			fileSystemSynchronizedGroups = (
				9DC285852E1CCEBC0014849A /* EnvironmentConfig */,
			);
			name = EnvironmentConfig;
			packageProductDependencies = (
			);
			productName = EnvironmentConfig;
			productReference = 9DC285832E1CCEBC0014849A /* EnvironmentConfig.app */;
			productType = "com.apple.product-type.application";
		};
		9DC2858F2E1CCEC20014849A /* EnvironmentConfigTests */ = {
			isa = PBXNativeTarget;
			buildConfigurationList = 9DC285A72E1CCEC20014849A /* Build configuration list for PBXNativeTarget "EnvironmentConfigTests" */;
			buildPhases = (
				9DC2858C2E1CCEC20014849A /* Sources */,
				9DC2858D2E1CCEC20014849A /* Frameworks */,
				9DC2858E2E1CCEC20014849A /* Resources */,
			);
			buildRules = (
			);
			dependencies = (
				9DC285922E1CCEC20014849A /* PBXTargetDependency */,
			);
			fileSystemSynchronizedGroups = (
				9DC285932E1CCEC20014849A /* EnvironmentConfigTests */,
			);
			name = EnvironmentConfigTests;
			packageProductDependencies = (
			);
			productName = EnvironmentConfigTests;
			productReference = 9DC285902E1CCEC20014849A /* EnvironmentConfigTests.xctest */;
			productType = "com.apple.product-type.bundle.unit-test";
		};
		9DC285992E1CCEC20014849A /* EnvironmentConfigUITests */ = {
			isa = PBXNativeTarget;
			buildConfigurationList = 9DC285AA2E1CCEC20014849A /* Build configuration list for PBXNativeTarget "EnvironmentConfigUITests" */;
			buildPhases = (
				9DC285962E1CCEC20014849A /* Sources */,
				9DC285972E1CCEC20014849A /* Frameworks */,
				9DC285982E1CCEC20014849A /* Resources */,
			);
			buildRules = (
			);
			dependencies = (
				9DC2859C2E1CCEC20014849A /* PBXTargetDependency */,
			);
			fileSystemSynchronizedGroups = (
				9DC2859D2E1CCEC20014849A /* EnvironmentConfigUITests */,
			);
			name = EnvironmentConfigUITests;
			packageProductDependencies = (
			);
			productName = EnvironmentConfigUITests;
			productReference = 9DC2859A2E1CCEC20014849A /* EnvironmentConfigUITests.xctest */;
			productType = "com.apple.product-type.bundle.ui-testing";
		};
/* End PBXNativeTarget section */

/* Begin PBXProject section */
		9DC2857B2E1CCEBC0014849A /* Project object */ = {
			isa = PBXProject;
			attributes = {
				BuildIndependentTargetsInParallel = 1;
				LastSwiftUpdateCheck = 1640;
				LastUpgradeCheck = 1640;
				TargetAttributes = {
					9DC285822E1CCEBC0014849A = {
						CreatedOnToolsVersion = 16.4;
					};
					9DC2858F2E1CCEC20014849A = {
						CreatedOnToolsVersion = 16.4;
						TestTargetID = 9DC285822E1CCEBC0014849A;
					};
					9DC285992E1CCEC20014849A = {
						CreatedOnToolsVersion = 16.4;
						TestTargetID = 9DC285822E1CCEBC0014849A;
					};
				};
			};
			buildConfigurationList = 9DC2857E2E1CCEBC0014849A /* Build configuration list for PBXProject "EnvironmentConfig" */;
			developmentRegion = en;
			hasScannedForEncodings = 0;
			knownRegions = (
				en,
				Base,
			);
			mainGroup = 9DC2857A2E1CCEBC0014849A;
			minimizedProjectReferenceProxies = 1;
			preferredProjectObjectVersion = 77;
			productRefGroup = 9DC285842E1CCEBC0014849A /* Products */;
			projectDirPath = "";
			projectRoot = "";
			targets = (
				9DC285822E1CCEBC0014849A /* EnvironmentConfig */,
				9DC2858F2E1CCEC20014849A /* EnvironmentConfigTests */,
				9DC285992E1CCEC20014849A /* EnvironmentConfigUITests */,
			);
		};
/* End PBXProject section */

/* Begin PBXResourcesBuildPhase section */
		9DC285812E1CCEBC0014849A /* Resources */ = {
			isa = PBXResourcesBuildPhase;
			buildActionMask = 2147483647;
			files = (
				9D42FD2B2E1CE42800863BC5 /* AppIconQa.xcassets in Resources */,
				9D42FD2D2E1CE43A00863BC5 /* AppIconProd.xcassets in Resources */,
				9D42FD292E1CE40E00863BC5 /* AppIconDev.xcassets in Resources */,
			);
			runOnlyForDeploymentPostprocessing = 0;
		};
		9DC2858E2E1CCEC20014849A /* Resources */ = {
			isa = PBXResourcesBuildPhase;
			buildActionMask = 2147483647;
			files = (
			);
			runOnlyForDeploymentPostprocessing = 0;
		};
		9DC285982E1CCEC20014849A /* Resources */ = {
			isa = PBXResourcesBuildPhase;
			buildActionMask = 2147483647;
			files = (
			);
			runOnlyForDeploymentPostprocessing = 0;
		};
/* End PBXResourcesBuildPhase section */

/* Begin PBXSourcesBuildPhase section */
		9DC2857F2E1CCEBC0014849A /* Sources */ = {
			isa = PBXSourcesBuildPhase;
			buildActionMask = 2147483647;
			files = (
			);
			runOnlyForDeploymentPostprocessing = 0;
		};
		9DC2858C2E1CCEC20014849A /* Sources */ = {
			isa = PBXSourcesBuildPhase;
			buildActionMask = 2147483647;
			files = (
			);
			runOnlyForDeploymentPostprocessing = 0;
		};
		9DC285962E1CCEC20014849A /* Sources */ = {
			isa = PBXSourcesBuildPhase;
			buildActionMask = 2147483647;
			files = (
			);
			runOnlyForDeploymentPostprocessing = 0;
		};
/* End PBXSourcesBuildPhase section */

/* Begin PBXTargetDependency section */
		9DC285922E1CCEC20014849A /* PBXTargetDependency */ = {
			isa = PBXTargetDependency;
			target = 9DC285822E1CCEBC0014849A /* EnvironmentConfig */;
			targetProxy = 9DC285912E1CCEC20014849A /* PBXContainerItemProxy */;
		};
		9DC2859C2E1CCEC20014849A /* PBXTargetDependency */ = {
			isa = PBXTargetDependency;
			target = 9DC285822E1CCEBC0014849A /* EnvironmentConfig */;
			targetProxy = 9DC2859B2E1CCEC20014849A /* PBXContainerItemProxy */;
		};
/* End PBXTargetDependency section */

/* Begin XCBuildConfiguration section */
		9DC285A22E1CCEC20014849A /* Debug-Dev */ = {
			isa = XCBuildConfiguration;
			buildSettings = {
				ALWAYS_SEARCH_USER_PATHS = NO;
				ASSETCATALOG_COMPILER_GENERATE_SWIFT_ASSET_SYMBOL_EXTENSIONS = YES;
				CLANG_ANALYZER_NONNULL = YES;
				CLANG_ANALYZER_NUMBER_OBJECT_CONVERSION = YES_AGGRESSIVE;
				CLANG_CXX_LANGUAGE_STANDARD = "gnu++20";
				CLANG_ENABLE_MODULES = YES;
				CLANG_ENABLE_OBJC_ARC = YES;
				CLANG_ENABLE_OBJC_WEAK = YES;
				CLANG_WARN_BLOCK_CAPTURE_AUTORELEASING = YES;
				CLANG_WARN_BOOL_CONVERSION = YES;
				CLANG_WARN_COMMA = YES;
				CLANG_WARN_CONSTANT_CONVERSION = YES;
				CLANG_WARN_DEPRECATED_OBJC_IMPLEMENTATIONS = YES;
				CLANG_WARN_DIRECT_OBJC_ISA_USAGE = YES_ERROR;
				CLANG_WARN_DOCUMENTATION_COMMENTS = YES;
				CLANG_WARN_EMPTY_BODY = YES;
				CLANG_WARN_ENUM_CONVERSION = YES;
				CLANG_WARN_INFINITE_RECURSION = YES;
				CLANG_WARN_INT_CONVERSION = YES;
				CLANG_WARN_NON_LITERAL_NULL_CONVERSION = YES;
				CLANG_WARN_OBJC_IMPLICIT_RETAIN_SELF = YES;
				CLANG_WARN_OBJC_LITERAL_CONVERSION = YES;
				CLANG_WARN_OBJC_ROOT_CLASS = YES_ERROR;
				CLANG_WARN_QUOTED_INCLUDE_IN_FRAMEWORK_HEADER = YES;
				CLANG_WARN_RANGE_LOOP_ANALYSIS = YES;
				CLANG_WARN_STRICT_PROTOTYPES = YES;
				CLANG_WARN_SUSPICIOUS_MOVE = YES;
				CLANG_WARN_UNGUARDED_AVAILABILITY = YES_AGGRESSIVE;
				CLANG_WARN_UNREACHABLE_CODE = YES;
				CLANG_WARN__DUPLICATE_METHOD_MATCH = YES;
				COPY_PHASE_STRIP = NO;
				DEBUG_INFORMATION_FORMAT = dwarf;
				DEVELOPMENT_TEAM = 455NF3C33Z;
				ENABLE_STRICT_OBJC_MSGSEND = YES;
				ENABLE_TESTABILITY = YES;
				ENABLE_USER_SCRIPT_SANDBOXING = YES;
				GCC_C_LANGUAGE_STANDARD = gnu17;
				GCC_DYNAMIC_NO_PIC = NO;
				GCC_NO_COMMON_BLOCKS = YES;
				GCC_OPTIMIZATION_LEVEL = 0;
				GCC_PREPROCESSOR_DEFINITIONS = (
					"DEBUG=1",
					"$(inherited)",
				);
				GCC_WARN_64_TO_32_BIT_CONVERSION = YES;
				GCC_WARN_ABOUT_RETURN_TYPE = YES_ERROR;
				GCC_WARN_UNDECLARED_SELECTOR = YES;
				GCC_WARN_UNINITIALIZED_AUTOS = YES_AGGRESSIVE;
				GCC_WARN_UNUSED_FUNCTION = YES;
				GCC_WARN_UNUSED_VARIABLE = YES;
				IPHONEOS_DEPLOYMENT_TARGET = 18.5;
				LOCALIZATION_PREFERS_STRING_CATALOGS = YES;
				MTL_ENABLE_DEBUG_INFO = INCLUDE_SOURCE;
				MTL_FAST_MATH = YES;
				ONLY_ACTIVE_ARCH = YES;
				SDKROOT = iphoneos;
				SWIFT_ACTIVE_COMPILATION_CONDITIONS = "DEBUG $(inherited)";
				SWIFT_OPTIMIZATION_LEVEL = "-Onone";
			};
			name = "Debug-Dev";
		};
		9DC285A32E1CCEC20014849A /* Release-Dev */ = {
			isa = XCBuildConfiguration;
			buildSettings = {
				ALWAYS_SEARCH_USER_PATHS = NO;
				ASSETCATALOG_COMPILER_GENERATE_SWIFT_ASSET_SYMBOL_EXTENSIONS = YES;
				CLANG_ANALYZER_NONNULL = YES;
				CLANG_ANALYZER_NUMBER_OBJECT_CONVERSION = YES_AGGRESSIVE;
				CLANG_CXX_LANGUAGE_STANDARD = "gnu++20";
				CLANG_ENABLE_MODULES = YES;
				CLANG_ENABLE_OBJC_ARC = YES;
				CLANG_ENABLE_OBJC_WEAK = YES;
				CLANG_WARN_BLOCK_CAPTURE_AUTORELEASING = YES;
				CLANG_WARN_BOOL_CONVERSION = YES;
				CLANG_WARN_COMMA = YES;
				CLANG_WARN_CONSTANT_CONVERSION = YES;
				CLANG_WARN_DEPRECATED_OBJC_IMPLEMENTATIONS = YES;
				CLANG_WARN_DIRECT_OBJC_ISA_USAGE = YES_ERROR;
				CLANG_WARN_DOCUMENTATION_COMMENTS = YES;
				CLANG_WARN_EMPTY_BODY = YES;
				CLANG_WARN_ENUM_CONVERSION = YES;
				CLANG_WARN_INFINITE_RECURSION = YES;
				CLANG_WARN_INT_CONVERSION = YES;
				CLANG_WARN_NON_LITERAL_NULL_CONVERSION = YES;
				CLANG_WARN_OBJC_IMPLICIT_RETAIN_SELF = YES;
				CLANG_WARN_OBJC_LITERAL_CONVERSION = YES;
				CLANG_WARN_OBJC_ROOT_CLASS = YES_ERROR;
				CLANG_WARN_QUOTED_INCLUDE_IN_FRAMEWORK_HEADER = YES;
				CLANG_WARN_RANGE_LOOP_ANALYSIS = YES;
				CLANG_WARN_STRICT_PROTOTYPES = YES;
				CLANG_WARN_SUSPICIOUS_MOVE = YES;
				CLANG_WARN_UNGUARDED_AVAILABILITY = YES_AGGRESSIVE;
				CLANG_WARN_UNREACHABLE_CODE = YES;
				CLANG_WARN__DUPLICATE_METHOD_MATCH = YES;
				COPY_PHASE_STRIP = NO;
				DEBUG_INFORMATION_FORMAT = "dwarf-with-dsym";
				DEVELOPMENT_TEAM = 455NF3C33Z;
				ENABLE_NS_ASSERTIONS = NO;
				ENABLE_STRICT_OBJC_MSGSEND = YES;
				ENABLE_USER_SCRIPT_SANDBOXING = YES;
				GCC_C_LANGUAGE_STANDARD = gnu17;
				GCC_NO_COMMON_BLOCKS = YES;
				GCC_WARN_64_TO_32_BIT_CONVERSION = YES;
				GCC_WARN_ABOUT_RETURN_TYPE = YES_ERROR;
				GCC_WARN_UNDECLARED_SELECTOR = YES;
				GCC_WARN_UNINITIALIZED_AUTOS = YES_AGGRESSIVE;
				GCC_WARN_UNUSED_FUNCTION = YES;
				GCC_WARN_UNUSED_VARIABLE = YES;
				IPHONEOS_DEPLOYMENT_TARGET = 18.5;
				LOCALIZATION_PREFERS_STRING_CATALOGS = YES;
				MTL_ENABLE_DEBUG_INFO = NO;
				MTL_FAST_MATH = YES;
				SDKROOT = iphoneos;
				SWIFT_COMPILATION_MODE = wholemodule;
				VALIDATE_PRODUCT = YES;
			};
			name = "Release-Dev";
		};
		9DC285A52E1CCEC20014849A /* Debug-Dev */ = {
			isa = XCBuildConfiguration;
			baseConfigurationReferenceAnchor = 9DC285852E1CCEBC0014849A /* EnvironmentConfig */;
			baseConfigurationReferenceRelativePath = "Config/Environment-Dev.xcconfig";
			buildSettings = {
				ASSETCATALOG_COMPILER_APPICON_NAME = "$(ASSETCATALOG_COMPILER_APPICON_NAME)";
				ASSETCATALOG_COMPILER_GLOBAL_ACCENT_COLOR_NAME = AccentColor;
				CODE_SIGN_STYLE = Automatic;
				CURRENT_PROJECT_VERSION = 1;
				DEVELOPMENT_TEAM = 455NF3C33Z;
				ENABLE_PREVIEWS = YES;
				GENERATE_INFOPLIST_FILE = YES;
				INFOPLIST_FILE = EnvironmentConfig/Info.plist;
				INFOPLIST_KEY_CFBundleDisplayName = "$(APP_DISPLAY_NAME)";
				INFOPLIST_KEY_LSApplicationCategoryType = "public.app-category.productivity";
				INFOPLIST_KEY_UIApplicationSceneManifest_Generation = YES;
				INFOPLIST_KEY_UIApplicationSupportsIndirectInputEvents = YES;
				INFOPLIST_KEY_UILaunchScreen_Generation = YES;
				INFOPLIST_KEY_UISupportedInterfaceOrientations_iPad = "UIInterfaceOrientationPortrait UIInterfaceOrientationPortraitUpsideDown UIInterfaceOrientationLandscapeLeft UIInterfaceOrientationLandscapeRight";
				INFOPLIST_KEY_UISupportedInterfaceOrientations_iPhone = "UIInterfaceOrientationPortrait UIInterfaceOrientationLandscapeLeft UIInterfaceOrientationLandscapeRight";
				LD_RUNPATH_SEARCH_PATHS = (
					"$(inherited)",
					"@executable_path/Frameworks",
				);
				MARKETING_VERSION = 1.0;
				PRODUCT_BUNDLE_IDENTIFIER = com.ay.EnvironmentConfig.dev;
				PRODUCT_NAME = "$(TARGET_NAME)";
				SWIFT_ACTIVE_COMPILATION_CONDITIONS = "DEV $(inherited)";
				SWIFT_EMIT_LOC_STRINGS = YES;
				SWIFT_VERSION = 5.0;
				TARGETED_DEVICE_FAMILY = "1,2";
			};
			name = "Debug-Dev";
		};
		9DC285A62E1CCEC20014849A /* Release-Dev */ = {
			isa = XCBuildConfiguration;
			baseConfigurationReferenceAnchor = 9DC285852E1CCEBC0014849A /* EnvironmentConfig */;
			baseConfigurationReferenceRelativePath = "Config/Environment-Dev.xcconfig";
			buildSettings = {
				ASSETCATALOG_COMPILER_APPICON_NAME = "$(ASSETCATALOG_COMPILER_APPICON_NAME)";
				ASSETCATALOG_COMPILER_GLOBAL_ACCENT_COLOR_NAME = AccentColor;
				CODE_SIGN_STYLE = Automatic;
				CURRENT_PROJECT_VERSION = 1;
				DEVELOPMENT_TEAM = 455NF3C33Z;
				ENABLE_PREVIEWS = YES;
				GENERATE_INFOPLIST_FILE = YES;
				INFOPLIST_FILE = EnvironmentConfig/Info.plist;
				INFOPLIST_KEY_CFBundleDisplayName = "$(APP_DISPLAY_NAME)";
				INFOPLIST_KEY_LSApplicationCategoryType = "public.app-category.productivity";
				INFOPLIST_KEY_UIApplicationSceneManifest_Generation = YES;
				INFOPLIST_KEY_UIApplicationSupportsIndirectInputEvents = YES;
				INFOPLIST_KEY_UILaunchScreen_Generation = YES;
				INFOPLIST_KEY_UISupportedInterfaceOrientations_iPad = "UIInterfaceOrientationPortrait UIInterfaceOrientationPortraitUpsideDown UIInterfaceOrientationLandscapeLeft UIInterfaceOrientationLandscapeRight";
				INFOPLIST_KEY_UISupportedInterfaceOrientations_iPhone = "UIInterfaceOrientationPortrait UIInterfaceOrientationLandscapeLeft UIInterfaceOrientationLandscapeRight";
				LD_RUNPATH_SEARCH_PATHS = (
					"$(inherited)",
					"@executable_path/Frameworks",
				);
				MARKETING_VERSION = 1.0;
				PRODUCT_BUNDLE_IDENTIFIER = com.ay.EnvironmentConfig.dev;
				PRODUCT_NAME = "$(TARGET_NAME)";
				SWIFT_ACTIVE_COMPILATION_CONDITIONS = DEV;
				SWIFT_EMIT_LOC_STRINGS = YES;
				SWIFT_VERSION = 5.0;
				TARGETED_DEVICE_FAMILY = "1,2";
			};
			name = "Release-Dev";
		};
		9DC285A82E1CCEC20014849A /* Debug-Dev */ = {
			isa = XCBuildConfiguration;
			buildSettings = {
				BUNDLE_LOADER = "$(TEST_HOST)";
				CODE_SIGN_STYLE = Automatic;
				CURRENT_PROJECT_VERSION = 1;
				DEVELOPMENT_TEAM = 455NF3C33Z;
				GENERATE_INFOPLIST_FILE = YES;
				IPHONEOS_DEPLOYMENT_TARGET = 18.5;
				MARKETING_VERSION = 1.0;
				PRODUCT_BUNDLE_IDENTIFIER = com.ay.EnvironmentConfigTests;
				PRODUCT_NAME = "$(TARGET_NAME)";
				SWIFT_EMIT_LOC_STRINGS = NO;
				SWIFT_VERSION = 5.0;
				TARGETED_DEVICE_FAMILY = "1,2";
				TEST_HOST = "$(BUILT_PRODUCTS_DIR)/EnvironmentConfig.app/$(BUNDLE_EXECUTABLE_FOLDER_PATH)/EnvironmentConfig";
			};
			name = "Debug-Dev";
		};
		9DC285A92E1CCEC20014849A /* Release-Dev */ = {
			isa = XCBuildConfiguration;
			buildSettings = {
				BUNDLE_LOADER = "$(TEST_HOST)";
				CODE_SIGN_STYLE = Automatic;
				CURRENT_PROJECT_VERSION = 1;
				DEVELOPMENT_TEAM = 455NF3C33Z;
				GENERATE_INFOPLIST_FILE = YES;
				IPHONEOS_DEPLOYMENT_TARGET = 18.5;
				MARKETING_VERSION = 1.0;
				PRODUCT_BUNDLE_IDENTIFIER = com.ay.EnvironmentConfigTests;
				PRODUCT_NAME = "$(TARGET_NAME)";
				SWIFT_EMIT_LOC_STRINGS = NO;
				SWIFT_VERSION = 5.0;
				TARGETED_DEVICE_FAMILY = "1,2";
				TEST_HOST = "$(BUILT_PRODUCTS_DIR)/EnvironmentConfig.app/$(BUNDLE_EXECUTABLE_FOLDER_PATH)/EnvironmentConfig";
			};
			name = "Release-Dev";
		};
		9DC285AB2E1CCEC20014849A /* Debug-Dev */ = {
			isa = XCBuildConfiguration;
			buildSettings = {
				CODE_SIGN_STYLE = Automatic;
				CURRENT_PROJECT_VERSION = 1;
				DEVELOPMENT_TEAM = 455NF3C33Z;
				GENERATE_INFOPLIST_FILE = YES;
				MARKETING_VERSION = 1.0;
				PRODUCT_BUNDLE_IDENTIFIER = com.ay.EnvironmentConfigUITests;
				PRODUCT_NAME = "$(TARGET_NAME)";
				SWIFT_EMIT_LOC_STRINGS = NO;
				SWIFT_VERSION = 5.0;
				TARGETED_DEVICE_FAMILY = "1,2";
				TEST_TARGET_NAME = EnvironmentConfig;
			};
			name = "Debug-Dev";
		};
		9DC285AC2E1CCEC20014849A /* Release-Dev */ = {
			isa = XCBuildConfiguration;
			buildSettings = {
				CODE_SIGN_STYLE = Automatic;
				CURRENT_PROJECT_VERSION = 1;
				DEVELOPMENT_TEAM = 455NF3C33Z;
				GENERATE_INFOPLIST_FILE = YES;
				MARKETING_VERSION = 1.0;
				PRODUCT_BUNDLE_IDENTIFIER = com.ay.EnvironmentConfigUITests;
				PRODUCT_NAME = "$(TARGET_NAME)";
				SWIFT_EMIT_LOC_STRINGS = NO;
				SWIFT_VERSION = 5.0;
				TARGETED_DEVICE_FAMILY = "1,2";
				TEST_TARGET_NAME = EnvironmentConfig;
			};
			name = "Release-Dev";
		};
		9DC285AD2E1CCF440014849A /* Debug-QA */ = {
			isa = XCBuildConfiguration;
			buildSettings = {
				ALWAYS_SEARCH_USER_PATHS = NO;
				ASSETCATALOG_COMPILER_GENERATE_SWIFT_ASSET_SYMBOL_EXTENSIONS = YES;
				CLANG_ANALYZER_NONNULL = YES;
				CLANG_ANALYZER_NUMBER_OBJECT_CONVERSION = YES_AGGRESSIVE;
				CLANG_CXX_LANGUAGE_STANDARD = "gnu++20";
				CLANG_ENABLE_MODULES = YES;
				CLANG_ENABLE_OBJC_ARC = YES;
				CLANG_ENABLE_OBJC_WEAK = YES;
				CLANG_WARN_BLOCK_CAPTURE_AUTORELEASING = YES;
				CLANG_WARN_BOOL_CONVERSION = YES;
				CLANG_WARN_COMMA = YES;
				CLANG_WARN_CONSTANT_CONVERSION = YES;
				CLANG_WARN_DEPRECATED_OBJC_IMPLEMENTATIONS = YES;
				CLANG_WARN_DIRECT_OBJC_ISA_USAGE = YES_ERROR;
				CLANG_WARN_DOCUMENTATION_COMMENTS = YES;
				CLANG_WARN_EMPTY_BODY = YES;
				CLANG_WARN_ENUM_CONVERSION = YES;
				CLANG_WARN_INFINITE_RECURSION = YES;
				CLANG_WARN_INT_CONVERSION = YES;
				CLANG_WARN_NON_LITERAL_NULL_CONVERSION = YES;
				CLANG_WARN_OBJC_IMPLICIT_RETAIN_SELF = YES;
				CLANG_WARN_OBJC_LITERAL_CONVERSION = YES;
				CLANG_WARN_OBJC_ROOT_CLASS = YES_ERROR;
				CLANG_WARN_QUOTED_INCLUDE_IN_FRAMEWORK_HEADER = YES;
				CLANG_WARN_RANGE_LOOP_ANALYSIS = YES;
				CLANG_WARN_STRICT_PROTOTYPES = YES;
				CLANG_WARN_SUSPICIOUS_MOVE = YES;
				CLANG_WARN_UNGUARDED_AVAILABILITY = YES_AGGRESSIVE;
				CLANG_WARN_UNREACHABLE_CODE = YES;
				CLANG_WARN__DUPLICATE_METHOD_MATCH = YES;
				COPY_PHASE_STRIP = NO;
				DEBUG_INFORMATION_FORMAT = dwarf;
				DEVELOPMENT_TEAM = 455NF3C33Z;
				ENABLE_STRICT_OBJC_MSGSEND = YES;
				ENABLE_TESTABILITY = YES;
				ENABLE_USER_SCRIPT_SANDBOXING = YES;
				GCC_C_LANGUAGE_STANDARD = gnu17;
				GCC_DYNAMIC_NO_PIC = NO;
				GCC_NO_COMMON_BLOCKS = YES;
				GCC_OPTIMIZATION_LEVEL = 0;
				GCC_PREPROCESSOR_DEFINITIONS = (
					"DEBUG=1",
					"$(inherited)",
				);
				GCC_WARN_64_TO_32_BIT_CONVERSION = YES;
				GCC_WARN_ABOUT_RETURN_TYPE = YES_ERROR;
				GCC_WARN_UNDECLARED_SELECTOR = YES;
				GCC_WARN_UNINITIALIZED_AUTOS = YES_AGGRESSIVE;
				GCC_WARN_UNUSED_FUNCTION = YES;
				GCC_WARN_UNUSED_VARIABLE = YES;
				IPHONEOS_DEPLOYMENT_TARGET = 18.5;
				LOCALIZATION_PREFERS_STRING_CATALOGS = YES;
				MTL_ENABLE_DEBUG_INFO = INCLUDE_SOURCE;
				MTL_FAST_MATH = YES;
				ONLY_ACTIVE_ARCH = YES;
				SDKROOT = iphoneos;
				SWIFT_ACTIVE_COMPILATION_CONDITIONS = "DEBUG $(inherited)";
				SWIFT_OPTIMIZATION_LEVEL = "-Onone";
			};
			name = "Debug-QA";
		};
		9DC285AE2E1CCF440014849A /* Debug-QA */ = {
			isa = XCBuildConfiguration;
			baseConfigurationReferenceAnchor = 9DC285852E1CCEBC0014849A /* EnvironmentConfig */;
			baseConfigurationReferenceRelativePath = "Config/Environment-QA.xcconfig";
			buildSettings = {
				ASSETCATALOG_COMPILER_APPICON_NAME = "$(ASSETCATALOG_COMPILER_APPICON_NAME)";
				ASSETCATALOG_COMPILER_GLOBAL_ACCENT_COLOR_NAME = AccentColor;
				CODE_SIGN_STYLE = Automatic;
				CURRENT_PROJECT_VERSION = 1;
				DEVELOPMENT_TEAM = 455NF3C33Z;
				ENABLE_PREVIEWS = YES;
				GENERATE_INFOPLIST_FILE = YES;
				INFOPLIST_FILE = EnvironmentConfig/Info.plist;
				INFOPLIST_KEY_CFBundleDisplayName = "$(APP_DISPLAY_NAME)";
				INFOPLIST_KEY_LSApplicationCategoryType = "public.app-category.productivity";
				INFOPLIST_KEY_UIApplicationSceneManifest_Generation = YES;
				INFOPLIST_KEY_UIApplicationSupportsIndirectInputEvents = YES;
				INFOPLIST_KEY_UILaunchScreen_Generation = YES;
				INFOPLIST_KEY_UISupportedInterfaceOrientations_iPad = "UIInterfaceOrientationPortrait UIInterfaceOrientationPortraitUpsideDown UIInterfaceOrientationLandscapeLeft UIInterfaceOrientationLandscapeRight";
				INFOPLIST_KEY_UISupportedInterfaceOrientations_iPhone = "UIInterfaceOrientationPortrait UIInterfaceOrientationLandscapeLeft UIInterfaceOrientationLandscapeRight";
				LD_RUNPATH_SEARCH_PATHS = (
					"$(inherited)",
					"@executable_path/Frameworks",
				);
				MARKETING_VERSION = 1.0;
				PRODUCT_BUNDLE_IDENTIFIER = com.ay.EnvironmentConfig.qa;
				PRODUCT_NAME = "$(TARGET_NAME)";
				SWIFT_ACTIVE_COMPILATION_CONDITIONS = "$(inherited) QA";
				SWIFT_EMIT_LOC_STRINGS = YES;
				SWIFT_VERSION = 5.0;
				TARGETED_DEVICE_FAMILY = "1,2";
			};
			name = "Debug-QA";
		};
		9DC285AF2E1CCF440014849A /* Debug-QA */ = {
			isa = XCBuildConfiguration;
			buildSettings = {
				BUNDLE_LOADER = "$(TEST_HOST)";
				CODE_SIGN_STYLE = Automatic;
				CURRENT_PROJECT_VERSION = 1;
				DEVELOPMENT_TEAM = 455NF3C33Z;
				GENERATE_INFOPLIST_FILE = YES;
				IPHONEOS_DEPLOYMENT_TARGET = 18.5;
				MARKETING_VERSION = 1.0;
				PRODUCT_BUNDLE_IDENTIFIER = com.ay.EnvironmentConfigTests;
				PRODUCT_NAME = "$(TARGET_NAME)";
				SWIFT_EMIT_LOC_STRINGS = NO;
				SWIFT_VERSION = 5.0;
				TARGETED_DEVICE_FAMILY = "1,2";
				TEST_HOST = "$(BUILT_PRODUCTS_DIR)/EnvironmentConfig.app/$(BUNDLE_EXECUTABLE_FOLDER_PATH)/EnvironmentConfig";
			};
			name = "Debug-QA";
		};
		9DC285B02E1CCF440014849A /* Debug-QA */ = {
			isa = XCBuildConfiguration;
			buildSettings = {
				CODE_SIGN_STYLE = Automatic;
				CURRENT_PROJECT_VERSION = 1;
				DEVELOPMENT_TEAM = 455NF3C33Z;
				GENERATE_INFOPLIST_FILE = YES;
				MARKETING_VERSION = 1.0;
				PRODUCT_BUNDLE_IDENTIFIER = com.ay.EnvironmentConfigUITests;
				PRODUCT_NAME = "$(TARGET_NAME)";
				SWIFT_EMIT_LOC_STRINGS = NO;
				SWIFT_VERSION = 5.0;
				TARGETED_DEVICE_FAMILY = "1,2";
				TEST_TARGET_NAME = EnvironmentConfig;
			};
			name = "Debug-QA";
		};
		9DC285B12E1CCF520014849A /* Debug-Prod */ = {
			isa = XCBuildConfiguration;
			buildSettings = {
				ALWAYS_SEARCH_USER_PATHS = NO;
				ASSETCATALOG_COMPILER_GENERATE_SWIFT_ASSET_SYMBOL_EXTENSIONS = YES;
				CLANG_ANALYZER_NONNULL = YES;
				CLANG_ANALYZER_NUMBER_OBJECT_CONVERSION = YES_AGGRESSIVE;
				CLANG_CXX_LANGUAGE_STANDARD = "gnu++20";
				CLANG_ENABLE_MODULES = YES;
				CLANG_ENABLE_OBJC_ARC = YES;
				CLANG_ENABLE_OBJC_WEAK = YES;
				CLANG_WARN_BLOCK_CAPTURE_AUTORELEASING = YES;
				CLANG_WARN_BOOL_CONVERSION = YES;
				CLANG_WARN_COMMA = YES;
				CLANG_WARN_CONSTANT_CONVERSION = YES;
				CLANG_WARN_DEPRECATED_OBJC_IMPLEMENTATIONS = YES;
				CLANG_WARN_DIRECT_OBJC_ISA_USAGE = YES_ERROR;
				CLANG_WARN_DOCUMENTATION_COMMENTS = YES;
				CLANG_WARN_EMPTY_BODY = YES;
				CLANG_WARN_ENUM_CONVERSION = YES;
				CLANG_WARN_INFINITE_RECURSION = YES;
				CLANG_WARN_INT_CONVERSION = YES;
				CLANG_WARN_NON_LITERAL_NULL_CONVERSION = YES;
				CLANG_WARN_OBJC_IMPLICIT_RETAIN_SELF = YES;
				CLANG_WARN_OBJC_LITERAL_CONVERSION = YES;
				CLANG_WARN_OBJC_ROOT_CLASS = YES_ERROR;
				CLANG_WARN_QUOTED_INCLUDE_IN_FRAMEWORK_HEADER = YES;
				CLANG_WARN_RANGE_LOOP_ANALYSIS = YES;
				CLANG_WARN_STRICT_PROTOTYPES = YES;
				CLANG_WARN_SUSPICIOUS_MOVE = YES;
				CLANG_WARN_UNGUARDED_AVAILABILITY = YES_AGGRESSIVE;
				CLANG_WARN_UNREACHABLE_CODE = YES;
				CLANG_WARN__DUPLICATE_METHOD_MATCH = YES;
				COPY_PHASE_STRIP = NO;
				DEBUG_INFORMATION_FORMAT = dwarf;
				DEVELOPMENT_TEAM = 455NF3C33Z;
				ENABLE_STRICT_OBJC_MSGSEND = YES;
				ENABLE_TESTABILITY = YES;
				ENABLE_USER_SCRIPT_SANDBOXING = YES;
				GCC_C_LANGUAGE_STANDARD = gnu17;
				GCC_DYNAMIC_NO_PIC = NO;
				GCC_NO_COMMON_BLOCKS = YES;
				GCC_OPTIMIZATION_LEVEL = 0;
				GCC_PREPROCESSOR_DEFINITIONS = (
					"DEBUG=1",
					"$(inherited)",
				);
				GCC_WARN_64_TO_32_BIT_CONVERSION = YES;
				GCC_WARN_ABOUT_RETURN_TYPE = YES_ERROR;
				GCC_WARN_UNDECLARED_SELECTOR = YES;
				GCC_WARN_UNINITIALIZED_AUTOS = YES_AGGRESSIVE;
				GCC_WARN_UNUSED_FUNCTION = YES;
				GCC_WARN_UNUSED_VARIABLE = YES;
				IPHONEOS_DEPLOYMENT_TARGET = 18.5;
				LOCALIZATION_PREFERS_STRING_CATALOGS = YES;
				MTL_ENABLE_DEBUG_INFO = INCLUDE_SOURCE;
				MTL_FAST_MATH = YES;
				ONLY_ACTIVE_ARCH = YES;
				SDKROOT = iphoneos;
				SWIFT_ACTIVE_COMPILATION_CONDITIONS = "DEBUG $(inherited)";
				SWIFT_OPTIMIZATION_LEVEL = "-Onone";
			};
			name = "Debug-Prod";
		};
		9DC285B22E1CCF520014849A /* Debug-Prod */ = {
			isa = XCBuildConfiguration;
			baseConfigurationReferenceAnchor = 9DC285852E1CCEBC0014849A /* EnvironmentConfig */;
			baseConfigurationReferenceRelativePath = "Config/Environment-Prod.xcconfig";
			buildSettings = {
				ASSETCATALOG_COMPILER_APPICON_NAME = "$(ASSETCATALOG_COMPILER_APPICON_NAME)";
				ASSETCATALOG_COMPILER_GLOBAL_ACCENT_COLOR_NAME = AccentColor;
				CODE_SIGN_STYLE = Automatic;
				CURRENT_PROJECT_VERSION = 1;
				DEVELOPMENT_TEAM = 455NF3C33Z;
				ENABLE_PREVIEWS = YES;
				GENERATE_INFOPLIST_FILE = YES;
				INFOPLIST_FILE = EnvironmentConfig/Info.plist;
				INFOPLIST_KEY_CFBundleDisplayName = "$(APP_DISPLAY_NAME)";
				INFOPLIST_KEY_LSApplicationCategoryType = "public.app-category.productivity";
				INFOPLIST_KEY_UIApplicationSceneManifest_Generation = YES;
				INFOPLIST_KEY_UIApplicationSupportsIndirectInputEvents = YES;
				INFOPLIST_KEY_UILaunchScreen_Generation = YES;
				INFOPLIST_KEY_UISupportedInterfaceOrientations_iPad = "UIInterfaceOrientationPortrait UIInterfaceOrientationPortraitUpsideDown UIInterfaceOrientationLandscapeLeft UIInterfaceOrientationLandscapeRight";
				INFOPLIST_KEY_UISupportedInterfaceOrientations_iPhone = "UIInterfaceOrientationPortrait UIInterfaceOrientationLandscapeLeft UIInterfaceOrientationLandscapeRight";
				LD_RUNPATH_SEARCH_PATHS = (
					"$(inherited)",
					"@executable_path/Frameworks",
				);
				MARKETING_VERSION = 1.0;
				PRODUCT_BUNDLE_IDENTIFIER = com.ay.EnvironmentConfig.prod;
				PRODUCT_NAME = "$(TARGET_NAME)";
				SWIFT_ACTIVE_COMPILATION_CONDITIONS = "$(inherited) PROD";
				SWIFT_EMIT_LOC_STRINGS = YES;
				SWIFT_VERSION = 5.0;
				TARGETED_DEVICE_FAMILY = "1,2";
			};
			name = "Debug-Prod";
		};
		9DC285B32E1CCF520014849A /* Debug-Prod */ = {
			isa = XCBuildConfiguration;
			buildSettings = {
				BUNDLE_LOADER = "$(TEST_HOST)";
				CODE_SIGN_STYLE = Automatic;
				CURRENT_PROJECT_VERSION = 1;
				DEVELOPMENT_TEAM = 455NF3C33Z;
				GENERATE_INFOPLIST_FILE = YES;
				IPHONEOS_DEPLOYMENT_TARGET = 18.5;
				MARKETING_VERSION = 1.0;
				PRODUCT_BUNDLE_IDENTIFIER = com.ay.EnvironmentConfigTests;
				PRODUCT_NAME = "$(TARGET_NAME)";
				SWIFT_EMIT_LOC_STRINGS = NO;
				SWIFT_VERSION = 5.0;
				TARGETED_DEVICE_FAMILY = "1,2";
				TEST_HOST = "$(BUILT_PRODUCTS_DIR)/EnvironmentConfig.app/$(BUNDLE_EXECUTABLE_FOLDER_PATH)/EnvironmentConfig";
			};
			name = "Debug-Prod";
		};
		9DC285B42E1CCF520014849A /* Debug-Prod */ = {
			isa = XCBuildConfiguration;
			buildSettings = {
				CODE_SIGN_STYLE = Automatic;
				CURRENT_PROJECT_VERSION = 1;
				DEVELOPMENT_TEAM = 455NF3C33Z;
				GENERATE_INFOPLIST_FILE = YES;
				MARKETING_VERSION = 1.0;
				PRODUCT_BUNDLE_IDENTIFIER = com.ay.EnvironmentConfigUITests;
				PRODUCT_NAME = "$(TARGET_NAME)";
				SWIFT_EMIT_LOC_STRINGS = NO;
				SWIFT_VERSION = 5.0;
				TARGETED_DEVICE_FAMILY = "1,2";
				TEST_TARGET_NAME = EnvironmentConfig;
			};
			name = "Debug-Prod";
		};
		9DC285B52E1CCF760014849A /* Release-QA */ = {
			isa = XCBuildConfiguration;
			buildSettings = {
				ALWAYS_SEARCH_USER_PATHS = NO;
				ASSETCATALOG_COMPILER_GENERATE_SWIFT_ASSET_SYMBOL_EXTENSIONS = YES;
				CLANG_ANALYZER_NONNULL = YES;
				CLANG_ANALYZER_NUMBER_OBJECT_CONVERSION = YES_AGGRESSIVE;
				CLANG_CXX_LANGUAGE_STANDARD = "gnu++20";
				CLANG_ENABLE_MODULES = YES;
				CLANG_ENABLE_OBJC_ARC = YES;
				CLANG_ENABLE_OBJC_WEAK = YES;
				CLANG_WARN_BLOCK_CAPTURE_AUTORELEASING = YES;
				CLANG_WARN_BOOL_CONVERSION = YES;
				CLANG_WARN_COMMA = YES;
				CLANG_WARN_CONSTANT_CONVERSION = YES;
				CLANG_WARN_DEPRECATED_OBJC_IMPLEMENTATIONS = YES;
				CLANG_WARN_DIRECT_OBJC_ISA_USAGE = YES_ERROR;
				CLANG_WARN_DOCUMENTATION_COMMENTS = YES;
				CLANG_WARN_EMPTY_BODY = YES;
				CLANG_WARN_ENUM_CONVERSION = YES;
				CLANG_WARN_INFINITE_RECURSION = YES;
				CLANG_WARN_INT_CONVERSION = YES;
				CLANG_WARN_NON_LITERAL_NULL_CONVERSION = YES;
				CLANG_WARN_OBJC_IMPLICIT_RETAIN_SELF = YES;
				CLANG_WARN_OBJC_LITERAL_CONVERSION = YES;
				CLANG_WARN_OBJC_ROOT_CLASS = YES_ERROR;
				CLANG_WARN_QUOTED_INCLUDE_IN_FRAMEWORK_HEADER = YES;
				CLANG_WARN_RANGE_LOOP_ANALYSIS = YES;
				CLANG_WARN_STRICT_PROTOTYPES = YES;
				CLANG_WARN_SUSPICIOUS_MOVE = YES;
				CLANG_WARN_UNGUARDED_AVAILABILITY = YES_AGGRESSIVE;
				CLANG_WARN_UNREACHABLE_CODE = YES;
				CLANG_WARN__DUPLICATE_METHOD_MATCH = YES;
				COPY_PHASE_STRIP = NO;
				DEBUG_INFORMATION_FORMAT = "dwarf-with-dsym";
				DEVELOPMENT_TEAM = 455NF3C33Z;
				ENABLE_NS_ASSERTIONS = NO;
				ENABLE_STRICT_OBJC_MSGSEND = YES;
				ENABLE_USER_SCRIPT_SANDBOXING = YES;
				GCC_C_LANGUAGE_STANDARD = gnu17;
				GCC_NO_COMMON_BLOCKS = YES;
				GCC_WARN_64_TO_32_BIT_CONVERSION = YES;
				GCC_WARN_ABOUT_RETURN_TYPE = YES_ERROR;
				GCC_WARN_UNDECLARED_SELECTOR = YES;
				GCC_WARN_UNINITIALIZED_AUTOS = YES_AGGRESSIVE;
				GCC_WARN_UNUSED_FUNCTION = YES;
				GCC_WARN_UNUSED_VARIABLE = YES;
				IPHONEOS_DEPLOYMENT_TARGET = 18.5;
				LOCALIZATION_PREFERS_STRING_CATALOGS = YES;
				MTL_ENABLE_DEBUG_INFO = NO;
				MTL_FAST_MATH = YES;
				SDKROOT = iphoneos;
				SWIFT_COMPILATION_MODE = wholemodule;
				VALIDATE_PRODUCT = YES;
			};
			name = "Release-QA";
		};
		9DC285B62E1CCF760014849A /* Release-QA */ = {
			isa = XCBuildConfiguration;
			baseConfigurationReferenceAnchor = 9DC285852E1CCEBC0014849A /* EnvironmentConfig */;
			baseConfigurationReferenceRelativePath = "Config/Environment-QA.xcconfig";
			buildSettings = {
				ASSETCATALOG_COMPILER_APPICON_NAME = "$(ASSETCATALOG_COMPILER_APPICON_NAME)";
				ASSETCATALOG_COMPILER_GLOBAL_ACCENT_COLOR_NAME = AccentColor;
				CODE_SIGN_STYLE = Automatic;
				CURRENT_PROJECT_VERSION = 1;
				DEVELOPMENT_TEAM = 455NF3C33Z;
				ENABLE_PREVIEWS = YES;
				GENERATE_INFOPLIST_FILE = YES;
				INFOPLIST_FILE = EnvironmentConfig/Info.plist;
				INFOPLIST_KEY_CFBundleDisplayName = "$(APP_DISPLAY_NAME)";
				"INFOPLIST_KEY_CFBundleDisplayName[sdk=*]" = "$(APP_DISPLAY_NAME)";
				INFOPLIST_KEY_LSApplicationCategoryType = "public.app-category.productivity";
				INFOPLIST_KEY_UIApplicationSceneManifest_Generation = YES;
				INFOPLIST_KEY_UIApplicationSupportsIndirectInputEvents = YES;
				INFOPLIST_KEY_UILaunchScreen_Generation = YES;
				INFOPLIST_KEY_UISupportedInterfaceOrientations_iPad = "UIInterfaceOrientationPortrait UIInterfaceOrientationPortraitUpsideDown UIInterfaceOrientationLandscapeLeft UIInterfaceOrientationLandscapeRight";
				INFOPLIST_KEY_UISupportedInterfaceOrientations_iPhone = "UIInterfaceOrientationPortrait UIInterfaceOrientationLandscapeLeft UIInterfaceOrientationLandscapeRight";
				LD_RUNPATH_SEARCH_PATHS = (
					"$(inherited)",
					"@executable_path/Frameworks",
				);
				MARKETING_VERSION = 1.0;
				PRODUCT_BUNDLE_IDENTIFIER = com.ay.EnvironmentConfig.qa;
				PRODUCT_NAME = "$(TARGET_NAME)";
				SWIFT_ACTIVE_COMPILATION_CONDITIONS = QA;
				SWIFT_EMIT_LOC_STRINGS = YES;
				SWIFT_VERSION = 5.0;
				TARGETED_DEVICE_FAMILY = "1,2";
			};
			name = "Release-QA";
		};
		9DC285B72E1CCF760014849A /* Release-QA */ = {
			isa = XCBuildConfiguration;
			buildSettings = {
				BUNDLE_LOADER = "$(TEST_HOST)";
				CODE_SIGN_STYLE = Automatic;
				CURRENT_PROJECT_VERSION = 1;
				DEVELOPMENT_TEAM = 455NF3C33Z;
				GENERATE_INFOPLIST_FILE = YES;
				IPHONEOS_DEPLOYMENT_TARGET = 18.5;
				MARKETING_VERSION = 1.0;
				PRODUCT_BUNDLE_IDENTIFIER = com.ay.EnvironmentConfigTests;
				PRODUCT_NAME = "$(TARGET_NAME)";
				SWIFT_EMIT_LOC_STRINGS = NO;
				SWIFT_VERSION = 5.0;
				TARGETED_DEVICE_FAMILY = "1,2";
				TEST_HOST = "$(BUILT_PRODUCTS_DIR)/EnvironmentConfig.app/$(BUNDLE_EXECUTABLE_FOLDER_PATH)/EnvironmentConfig";
			};
			name = "Release-QA";
		};
		9DC285B82E1CCF760014849A /* Release-QA */ = {
			isa = XCBuildConfiguration;
			buildSettings = {
				CODE_SIGN_STYLE = Automatic;
				CURRENT_PROJECT_VERSION = 1;
				DEVELOPMENT_TEAM = 455NF3C33Z;
				GENERATE_INFOPLIST_FILE = YES;
				MARKETING_VERSION = 1.0;
				PRODUCT_BUNDLE_IDENTIFIER = com.ay.EnvironmentConfigUITests;
				PRODUCT_NAME = "$(TARGET_NAME)";
				SWIFT_EMIT_LOC_STRINGS = NO;
				SWIFT_VERSION = 5.0;
				TARGETED_DEVICE_FAMILY = "1,2";
				TEST_TARGET_NAME = EnvironmentConfig;
			};
			name = "Release-QA";
		};
		9DC285B92E1CCF800014849A /* Release-Prod */ = {
			isa = XCBuildConfiguration;
			buildSettings = {
				ALWAYS_SEARCH_USER_PATHS = NO;
				ASSETCATALOG_COMPILER_GENERATE_SWIFT_ASSET_SYMBOL_EXTENSIONS = YES;
				CLANG_ANALYZER_NONNULL = YES;
				CLANG_ANALYZER_NUMBER_OBJECT_CONVERSION = YES_AGGRESSIVE;
				CLANG_CXX_LANGUAGE_STANDARD = "gnu++20";
				CLANG_ENABLE_MODULES = YES;
				CLANG_ENABLE_OBJC_ARC = YES;
				CLANG_ENABLE_OBJC_WEAK = YES;
				CLANG_WARN_BLOCK_CAPTURE_AUTORELEASING = YES;
				CLANG_WARN_BOOL_CONVERSION = YES;
				CLANG_WARN_COMMA = YES;
				CLANG_WARN_CONSTANT_CONVERSION = YES;
				CLANG_WARN_DEPRECATED_OBJC_IMPLEMENTATIONS = YES;
				CLANG_WARN_DIRECT_OBJC_ISA_USAGE = YES_ERROR;
				CLANG_WARN_DOCUMENTATION_COMMENTS = YES;
				CLANG_WARN_EMPTY_BODY = YES;
				CLANG_WARN_ENUM_CONVERSION = YES;
				CLANG_WARN_INFINITE_RECURSION = YES;
				CLANG_WARN_INT_CONVERSION = YES;
				CLANG_WARN_NON_LITERAL_NULL_CONVERSION = YES;
				CLANG_WARN_OBJC_IMPLICIT_RETAIN_SELF = YES;
				CLANG_WARN_OBJC_LITERAL_CONVERSION = YES;
				CLANG_WARN_OBJC_ROOT_CLASS = YES_ERROR;
				CLANG_WARN_QUOTED_INCLUDE_IN_FRAMEWORK_HEADER = YES;
				CLANG_WARN_RANGE_LOOP_ANALYSIS = YES;
				CLANG_WARN_STRICT_PROTOTYPES = YES;
				CLANG_WARN_SUSPICIOUS_MOVE = YES;
				CLANG_WARN_UNGUARDED_AVAILABILITY = YES_AGGRESSIVE;
				CLANG_WARN_UNREACHABLE_CODE = YES;
				CLANG_WARN__DUPLICATE_METHOD_MATCH = YES;
				COPY_PHASE_STRIP = NO;
				DEBUG_INFORMATION_FORMAT = "dwarf-with-dsym";
				DEVELOPMENT_TEAM = 455NF3C33Z;
				ENABLE_NS_ASSERTIONS = NO;
				ENABLE_STRICT_OBJC_MSGSEND = YES;
				ENABLE_USER_SCRIPT_SANDBOXING = YES;
				GCC_C_LANGUAGE_STANDARD = gnu17;
				GCC_NO_COMMON_BLOCKS = YES;
				GCC_WARN_64_TO_32_BIT_CONVERSION = YES;
				GCC_WARN_ABOUT_RETURN_TYPE = YES_ERROR;
				GCC_WARN_UNDECLARED_SELECTOR = YES;
				GCC_WARN_UNINITIALIZED_AUTOS = YES_AGGRESSIVE;
				GCC_WARN_UNUSED_FUNCTION = YES;
				GCC_WARN_UNUSED_VARIABLE = YES;
				IPHONEOS_DEPLOYMENT_TARGET = 18.5;
				LOCALIZATION_PREFERS_STRING_CATALOGS = YES;
				MTL_ENABLE_DEBUG_INFO = NO;
				MTL_FAST_MATH = YES;
				SDKROOT = iphoneos;
				SWIFT_COMPILATION_MODE = wholemodule;
				VALIDATE_PRODUCT = YES;
			};
			name = "Release-Prod";
		};
		9DC285BA2E1CCF800014849A /* Release-Prod */ = {
			isa = XCBuildConfiguration;
			baseConfigurationReferenceAnchor = 9DC285852E1CCEBC0014849A /* EnvironmentConfig */;
			baseConfigurationReferenceRelativePath = "Config/Environment-Prod.xcconfig";
			buildSettings = {
				ASSETCATALOG_COMPILER_APPICON_NAME = "$(ASSETCATALOG_COMPILER_APPICON_NAME)";
				ASSETCATALOG_COMPILER_GLOBAL_ACCENT_COLOR_NAME = AccentColor;
				CODE_SIGN_STYLE = Automatic;
				CURRENT_PROJECT_VERSION = 1;
				DEVELOPMENT_TEAM = 455NF3C33Z;
				ENABLE_PREVIEWS = YES;
				GENERATE_INFOPLIST_FILE = YES;
				INFOPLIST_FILE = EnvironmentConfig/Info.plist;
				INFOPLIST_KEY_CFBundleDisplayName = "$(APP_DISPLAY_NAME)";
				INFOPLIST_KEY_LSApplicationCategoryType = "public.app-category.productivity";
				INFOPLIST_KEY_UIApplicationSceneManifest_Generation = YES;
				INFOPLIST_KEY_UIApplicationSupportsIndirectInputEvents = YES;
				INFOPLIST_KEY_UILaunchScreen_Generation = YES;
				INFOPLIST_KEY_UISupportedInterfaceOrientations_iPad = "UIInterfaceOrientationPortrait UIInterfaceOrientationPortraitUpsideDown UIInterfaceOrientationLandscapeLeft UIInterfaceOrientationLandscapeRight";
				INFOPLIST_KEY_UISupportedInterfaceOrientations_iPhone = "UIInterfaceOrientationPortrait UIInterfaceOrientationLandscapeLeft UIInterfaceOrientationLandscapeRight";
				LD_RUNPATH_SEARCH_PATHS = (
					"$(inherited)",
					"@executable_path/Frameworks",
				);
				MARKETING_VERSION = 1.0;
				PRODUCT_BUNDLE_IDENTIFIER = com.ay.EnvironmentConfig.prod;
				PRODUCT_NAME = "$(TARGET_NAME)";
				SWIFT_ACTIVE_COMPILATION_CONDITIONS = PROD;
				SWIFT_EMIT_LOC_STRINGS = YES;
				SWIFT_VERSION = 5.0;
				TARGETED_DEVICE_FAMILY = "1,2";
			};
			name = "Release-Prod";
		};
		9DC285BB2E1CCF800014849A /* Release-Prod */ = {
			isa = XCBuildConfiguration;
			buildSettings = {
				BUNDLE_LOADER = "$(TEST_HOST)";
				CODE_SIGN_STYLE = Automatic;
				CURRENT_PROJECT_VERSION = 1;
				DEVELOPMENT_TEAM = 455NF3C33Z;
				GENERATE_INFOPLIST_FILE = YES;
				IPHONEOS_DEPLOYMENT_TARGET = 18.5;
				MARKETING_VERSION = 1.0;
				PRODUCT_BUNDLE_IDENTIFIER = com.ay.EnvironmentConfigTests;
				PRODUCT_NAME = "$(TARGET_NAME)";
				SWIFT_EMIT_LOC_STRINGS = NO;
				SWIFT_VERSION = 5.0;
				TARGETED_DEVICE_FAMILY = "1,2";
				TEST_HOST = "$(BUILT_PRODUCTS_DIR)/EnvironmentConfig.app/$(BUNDLE_EXECUTABLE_FOLDER_PATH)/EnvironmentConfig";
			};
			name = "Release-Prod";
		};
		9DC285BC2E1CCF800014849A /* Release-Prod */ = {
			isa = XCBuildConfiguration;
			buildSettings = {
				CODE_SIGN_STYLE = Automatic;
				CURRENT_PROJECT_VERSION = 1;
				DEVELOPMENT_TEAM = 455NF3C33Z;
				GENERATE_INFOPLIST_FILE = YES;
				MARKETING_VERSION = 1.0;
				PRODUCT_BUNDLE_IDENTIFIER = com.ay.EnvironmentConfigUITests;
				PRODUCT_NAME = "$(TARGET_NAME)";
				SWIFT_EMIT_LOC_STRINGS = NO;
				SWIFT_VERSION = 5.0;
				TARGETED_DEVICE_FAMILY = "1,2";
				TEST_TARGET_NAME = EnvironmentConfig;
			};
			name = "Release-Prod";
		};
/* End XCBuildConfiguration section */

/* Begin XCConfigurationList section */
		9DC2857E2E1CCEBC0014849A /* Build configuration list for PBXProject "EnvironmentConfig" */ = {
			isa = XCConfigurationList;
			buildConfigurations = (
				9DC285A22E1CCEC20014849A /* Debug-Dev */,
				9DC285AD2E1CCF440014849A /* Debug-QA */,
				9DC285B12E1CCF520014849A /* Debug-Prod */,
				9DC285A32E1CCEC20014849A /* Release-Dev */,
				9DC285B52E1CCF760014849A /* Release-QA */,
				9DC285B92E1CCF800014849A /* Release-Prod */,
			);
			defaultConfigurationIsVisible = 0;
			defaultConfigurationName = "Release-Dev";
		};
		9DC285A42E1CCEC20014849A /* Build configuration list for PBXNativeTarget "EnvironmentConfig" */ = {
			isa = XCConfigurationList;
			buildConfigurations = (
				9DC285A52E1CCEC20014849A /* Debug-Dev */,
				9DC285AE2E1CCF440014849A /* Debug-QA */,
				9DC285B22E1CCF520014849A /* Debug-Prod */,
				9DC285A62E1CCEC20014849A /* Release-Dev */,
				9DC285B62E1CCF760014849A /* Release-QA */,
				9DC285BA2E1CCF800014849A /* Release-Prod */,
			);
			defaultConfigurationIsVisible = 0;
			defaultConfigurationName = "Release-Dev";
		};
		9DC285A72E1CCEC20014849A /* Build configuration list for PBXNativeTarget "EnvironmentConfigTests" */ = {
			isa = XCConfigurationList;
			buildConfigurations = (
				9DC285A82E1CCEC20014849A /* Debug-Dev */,
				9DC285AF2E1CCF440014849A /* Debug-QA */,
				9DC285B32E1CCF520014849A /* Debug-Prod */,
				9DC285A92E1CCEC20014849A /* Release-Dev */,
				9DC285B72E1CCF760014849A /* Release-QA */,
				9DC285BB2E1CCF800014849A /* Release-Prod */,
			);
			defaultConfigurationIsVisible = 0;
			defaultConfigurationName = "Release-Dev";
		};
		9DC285AA2E1CCEC20014849A /* Build configuration list for PBXNativeTarget "EnvironmentConfigUITests" */ = {
			isa = XCConfigurationList;
			buildConfigurations = (
				9DC285AB2E1CCEC20014849A /* Debug-Dev */,
				9DC285B02E1CCF440014849A /* Debug-QA */,
				9DC285B42E1CCF520014849A /* Debug-Prod */,
				9DC285AC2E1CCEC20014849A /* Release-Dev */,
				9DC285B82E1CCF760014849A /* Release-QA */,
				9DC285BC2E1CCF800014849A /* Release-Prod */,
			);
			defaultConfigurationIsVisible = 0;
			defaultConfigurationName = "Release-Dev";
		};
/* End XCConfigurationList section */
	};
	rootObject = 9DC2857B2E1CCEBC0014849A /* Project object */;
}
