// !$*UTF8*$!
{
	archiveVersion = 1;
	classes = {
	};
	objectVersion = 77;
	objects = {

/* Begin PBXContainerItemProxy section */
		9DB565042D64AA96001EDC08 /* PBXContainerItemProxy */ = {
			isa = PBXContainerItemProxy;
			containerPortal = 9DB564EB2D64AA93001EDC08 /* Project object */;
			proxyType = 1;
			remoteGlobalIDString = 9DB564F22D64AA93001EDC08;
			remoteInfo = ShoeShop;
		};
		9DB5650E2D64AA96001EDC08 /* PBXContainerItemProxy */ = {
			isa = PBXContainerItemProxy;
			containerPortal = 9DB564EB2D64AA93001EDC08 /* Project object */;
			proxyType = 1;
			remoteGlobalIDString = 9DB564F22D64AA93001EDC08;
			remoteInfo = ShoeShop;
		};
/* End PBXContainerItemProxy section */

/* Begin PBXFileReference section */
		9DB564F32D64AA93001EDC08 /* ShoeShop.app */ = {isa = PBXFileReference; explicitFileType = wrapper.application; includeInIndex = 0; path = ShoeShop.app; sourceTree = BUILT_PRODUCTS_DIR; };
		9DB565032D64AA96001EDC08 /* ShoeShopTests.xctest */ = {isa = PBXFileReference; explicitFileType = wrapper.cfbundle; includeInIndex = 0; path = ShoeShopTests.xctest; sourceTree = BUILT_PRODUCTS_DIR; };
		9DB5650D2D64AA96001EDC08 /* ShoeShopUITests.xctest */ = {isa = PBXFileReference; explicitFileType = wrapper.cfbundle; includeInIndex = 0; path = ShoeShopUITests.xctest; sourceTree = BUILT_PRODUCTS_DIR; };
/* End PBXFileReference section */

/* Begin PBXFileSystemSynchronizedRootGroup section */
		9DB564F52D64AA93001EDC08 /* ShoeShop */ = {
			isa = PBXFileSystemSynchronizedRootGroup;
			path = ShoeShop;
			sourceTree = "<group>";
		};
		9DB565062D64AA96001EDC08 /* ShoeShopTests */ = {
			isa = PBXFileSystemSynchronizedRootGroup;
			path = ShoeShopTests;
			sourceTree = "<group>";
		};
		9DB565102D64AA96001EDC08 /* ShoeShopUITests */ = {
			isa = PBXFileSystemSynchronizedRootGroup;
			path = ShoeShopUITests;
			sourceTree = "<group>";
		};
/* End PBXFileSystemSynchronizedRootGroup section */

/* Begin PBXFrameworksBuildPhase section */
		9DB564F02D64AA93001EDC08 /* Frameworks */ = {
			isa = PBXFrameworksBuildPhase;
			buildActionMask = 2147483647;
			files = (
			);
			runOnlyForDeploymentPostprocessing = 0;
		};
		9DB565002D64AA96001EDC08 /* Frameworks */ = {
			isa = PBXFrameworksBuildPhase;
			buildActionMask = 2147483647;
			files = (
			);
			runOnlyForDeploymentPostprocessing = 0;
		};
		9DB5650A2D64AA96001EDC08 /* Frameworks */ = {
			isa = PBXFrameworksBuildPhase;
			buildActionMask = 2147483647;
			files = (
			);
			runOnlyForDeploymentPostprocessing = 0;
		};
/* End PBXFrameworksBuildPhase section */

/* Begin PBXGroup section */
		9DB564EA2D64AA93001EDC08 = {
			isa = PBXGroup;
			children = (
				9DB564F52D64AA93001EDC08 /* ShoeShop */,
				9DB565062D64AA96001EDC08 /* ShoeShopTests */,
				9DB565102D64AA96001EDC08 /* ShoeShopUITests */,
				9DB564F42D64AA93001EDC08 /* Products */,
			);
			sourceTree = "<group>";
		};
		9DB564F42D64AA93001EDC08 /* Products */ = {
			isa = PBXGroup;
			children = (
				9DB564F32D64AA93001EDC08 /* ShoeShop.app */,
				9DB565032D64AA96001EDC08 /* ShoeShopTests.xctest */,
				9DB5650D2D64AA96001EDC08 /* ShoeShopUITests.xctest */,
			);
			name = Products;
			sourceTree = "<group>";
		};
/* End PBXGroup section */

/* Begin PBXNativeTarget section */
		9DB564F22D64AA93001EDC08 /* ShoeShop */ = {
			isa = PBXNativeTarget;
			buildConfigurationList = 9DB565172D64AA96001EDC08 /* Build configuration list for PBXNativeTarget "ShoeShop" */;
			buildPhases = (
				9DB564EF2D64AA93001EDC08 /* Sources */,
				9DB564F02D64AA93001EDC08 /* Frameworks */,
				9DB564F12D64AA93001EDC08 /* Resources */,
			);
			buildRules = (
			);
			dependencies = (
			);
			fileSystemSynchronizedGroups = (
				9DB564F52D64AA93001EDC08 /* ShoeShop */,
			);
			name = ShoeShop;
			packageProductDependencies = (
			);
			productName = ShoeShop;
			productReference = 9DB564F32D64AA93001EDC08 /* ShoeShop.app */;
			productType = "com.apple.product-type.application";
		};
		9DB565022D64AA96001EDC08 /* ShoeShopTests */ = {
			isa = PBXNativeTarget;
			buildConfigurationList = 9DB5651A2D64AA96001EDC08 /* Build configuration list for PBXNativeTarget "ShoeShopTests" */;
			buildPhases = (
				9DB564FF2D64AA96001EDC08 /* Sources */,
				9DB565002D64AA96001EDC08 /* Frameworks */,
				9DB565012D64AA96001EDC08 /* Resources */,
			);
			buildRules = (
			);
			dependencies = (
				9DB565052D64AA96001EDC08 /* PBXTargetDependency */,
			);
			fileSystemSynchronizedGroups = (
				9DB565062D64AA96001EDC08 /* ShoeShopTests */,
			);
			name = ShoeShopTests;
			packageProductDependencies = (
			);
			productName = ShoeShopTests;
			productReference = 9DB565032D64AA96001EDC08 /* ShoeShopTests.xctest */;
			productType = "com.apple.product-type.bundle.unit-test";
		};
		9DB5650C2D64AA96001EDC08 /* ShoeShopUITests */ = {
			isa = PBXNativeTarget;
			buildConfigurationList = 9DB5651D2D64AA96001EDC08 /* Build configuration list for PBXNativeTarget "ShoeShopUITests" */;
			buildPhases = (
				9DB565092D64AA96001EDC08 /* Sources */,
				9DB5650A2D64AA96001EDC08 /* Frameworks */,
				9DB5650B2D64AA96001EDC08 /* Resources */,
			);
			buildRules = (
			);
			dependencies = (
				9DB5650F2D64AA96001EDC08 /* PBXTargetDependency */,
			);
			fileSystemSynchronizedGroups = (
				9DB565102D64AA96001EDC08 /* ShoeShopUITests */,
			);
			name = ShoeShopUITests;
			packageProductDependencies = (
			);
			productName = ShoeShopUITests;
			productReference = 9DB5650D2D64AA96001EDC08 /* ShoeShopUITests.xctest */;
			productType = "com.apple.product-type.bundle.ui-testing";
		};
/* End PBXNativeTarget section */

/* Begin PBXProject section */
		9DB564EB2D64AA93001EDC08 /* Project object */ = {
			isa = PBXProject;
			attributes = {
				BuildIndependentTargetsInParallel = 1;
				LastSwiftUpdateCheck = 1620;
				LastUpgradeCheck = 1620;
				TargetAttributes = {
					9DB564F22D64AA93001EDC08 = {
						CreatedOnToolsVersion = 16.2;
					};
					9DB565022D64AA96001EDC08 = {
						CreatedOnToolsVersion = 16.2;
						TestTargetID = 9DB564F22D64AA93001EDC08;
					};
					9DB5650C2D64AA96001EDC08 = {
						CreatedOnToolsVersion = 16.2;
						TestTargetID = 9DB564F22D64AA93001EDC08;
					};
				};
			};
			buildConfigurationList = 9DB564EE2D64AA93001EDC08 /* Build configuration list for PBXProject "ShoeShop" */;
			developmentRegion = en;
			hasScannedForEncodings = 0;
			knownRegions = (
				en,
				Base,
			);
			mainGroup = 9DB564EA2D64AA93001EDC08;
			minimizedProjectReferenceProxies = 1;
			preferredProjectObjectVersion = 77;
			productRefGroup = 9DB564F42D64AA93001EDC08 /* Products */;
			projectDirPath = "";
			projectRoot = "";
			targets = (
				9DB564F22D64AA93001EDC08 /* ShoeShop */,
				9DB565022D64AA96001EDC08 /* ShoeShopTests */,
				9DB5650C2D64AA96001EDC08 /* ShoeShopUITests */,
			);
		};
/* End PBXProject section */

/* Begin PBXResourcesBuildPhase section */
		9DB564F12D64AA93001EDC08 /* Resources */ = {
			isa = PBXResourcesBuildPhase;
			buildActionMask = 2147483647;
			files = (
			);
			runOnlyForDeploymentPostprocessing = 0;
		};
		9DB565012D64AA96001EDC08 /* Resources */ = {
			isa = PBXResourcesBuildPhase;
			buildActionMask = 2147483647;
			files = (
			);
			runOnlyForDeploymentPostprocessing = 0;
		};
		9DB5650B2D64AA96001EDC08 /* Resources */ = {
			isa = PBXResourcesBuildPhase;
			buildActionMask = 2147483647;
			files = (
			);
			runOnlyForDeploymentPostprocessing = 0;
		};
/* End PBXResourcesBuildPhase section */

/* Begin PBXSourcesBuildPhase section */
		9DB564EF2D64AA93001EDC08 /* Sources */ = {
			isa = PBXSourcesBuildPhase;
			buildActionMask = 2147483647;
			files = (
			);
			runOnlyForDeploymentPostprocessing = 0;
		};
		9DB564FF2D64AA96001EDC08 /* Sources */ = {
			isa = PBXSourcesBuildPhase;
			buildActionMask = 2147483647;
			files = (
			);
			runOnlyForDeploymentPostprocessing = 0;
		};
		9DB565092D64AA96001EDC08 /* Sources */ = {
			isa = PBXSourcesBuildPhase;
			buildActionMask = 2147483647;
			files = (
			);
			runOnlyForDeploymentPostprocessing = 0;
		};
/* End PBXSourcesBuildPhase section */

/* Begin PBXTargetDependency section */
		9DB565052D64AA96001EDC08 /* PBXTargetDependency */ = {
			isa = PBXTargetDependency;
			target = 9DB564F22D64AA93001EDC08 /* ShoeShop */;
			targetProxy = 9DB565042D64AA96001EDC08 /* PBXContainerItemProxy */;
		};
		9DB5650F2D64AA96001EDC08 /* PBXTargetDependency */ = {
			isa = PBXTargetDependency;
			target = 9DB564F22D64AA93001EDC08 /* ShoeShop */;
			targetProxy = 9DB5650E2D64AA96001EDC08 /* PBXContainerItemProxy */;
		};
/* End PBXTargetDependency section */

/* Begin XCBuildConfiguration section */
		9DB565152D64AA96001EDC08 /* Debug */ = {
			isa = XCBuildConfiguration;
			buildSettings = {
				ALWAYS_SEARCH_USER_PATHS = NO;
				ASSETCATALOG_COMPILER_GENERATE_SWIFT_ASSET_SYMBOL_EXTENSIONS = YES;
				CLANG_ANALYZER_NONNULL = YES;
				CLANG_ANALYZER_NUMBER_OBJECT_CONVERSION = YES_AGGRESSIVE;
				CLANG_CXX_LANGUAGE_STANDARD = "gnu++20";
				CLANG_ENABLE_MODULES = YES;
				CLANG_ENABLE_OBJC_ARC = YES;
				CLANG_ENABLE_OBJC_WEAK = YES;
				CLANG_WARN_BLOCK_CAPTURE_AUTORELEASING = YES;
				CLANG_WARN_BOOL_CONVERSION = YES;
				CLANG_WARN_COMMA = YES;
				CLANG_WARN_CONSTANT_CONVERSION = YES;
				CLANG_WARN_DEPRECATED_OBJC_IMPLEMENTATIONS = YES;
				CLANG_WARN_DIRECT_OBJC_ISA_USAGE = YES_ERROR;
				CLANG_WARN_DOCUMENTATION_COMMENTS = YES;
				CLANG_WARN_EMPTY_BODY = YES;
				CLANG_WARN_ENUM_CONVERSION = YES;
				CLANG_WARN_INFINITE_RECURSION = YES;
				CLANG_WARN_INT_CONVERSION = YES;
				CLANG_WARN_NON_LITERAL_NULL_CONVERSION = YES;
				CLANG_WARN_OBJC_IMPLICIT_RETAIN_SELF = YES;
				CLANG_WARN_OBJC_LITERAL_CONVERSION = YES;
				CLANG_WARN_OBJC_ROOT_CLASS = YES_ERROR;
				CLANG_WARN_QUOTED_INCLUDE_IN_FRAMEWORK_HEADER = YES;
				CLANG_WARN_RANGE_LOOP_ANALYSIS = YES;
				CLANG_WARN_STRICT_PROTOTYPES = YES;
				CLANG_WARN_SUSPICIOUS_MOVE = YES;
				CLANG_WARN_UNGUARDED_AVAILABILITY = YES_AGGRESSIVE;
				CLANG_WARN_UNREACHABLE_CODE = YES;
				CLANG_WARN__DUPLICATE_METHOD_MATCH = YES;
				COPY_PHASE_STRIP = NO;
				DEBUG_INFORMATION_FORMAT = dwarf;
				ENABLE_STRICT_OBJC_MSGSEND = YES;
				ENABLE_TESTABILITY = YES;
				ENABLE_USER_SCRIPT_SANDBOXING = YES;
				GCC_C_LANGUAGE_STANDARD = gnu17;
				GCC_DYNAMIC_NO_PIC = NO;
				GCC_NO_COMMON_BLOCKS = YES;
				GCC_OPTIMIZATION_LEVEL = 0;
				GCC_PREPROCESSOR_DEFINITIONS = (
					"DEBUG=1",
					"$(inherited)",
				);
				GCC_WARN_64_TO_32_BIT_CONVERSION = YES;
				GCC_WARN_ABOUT_RETURN_TYPE = YES_ERROR;
				GCC_WARN_UNDECLARED_SELECTOR = YES;
				GCC_WARN_UNINITIALIZED_AUTOS = YES_AGGRESSIVE;
				GCC_WARN_UNUSED_FUNCTION = YES;
				GCC_WARN_UNUSED_VARIABLE = YES;
				IPHONEOS_DEPLOYMENT_TARGET = 18.2;
				LOCALIZATION_PREFERS_STRING_CATALOGS = YES;
				MTL_ENABLE_DEBUG_INFO = INCLUDE_SOURCE;
				MTL_FAST_MATH = YES;
				ONLY_ACTIVE_ARCH = YES;
				SDKROOT = iphoneos;
				SWIFT_ACTIVE_COMPILATION_CONDITIONS = "DEBUG $(inherited)";
				SWIFT_OPTIMIZATION_LEVEL = "-Onone";
			};
			name = Debug;
		};
		9DB565162D64AA96001EDC08 /* Release */ = {
			isa = XCBuildConfiguration;
			buildSettings = {
				ALWAYS_SEARCH_USER_PATHS = NO;
				ASSETCATALOG_COMPILER_GENERATE_SWIFT_ASSET_SYMBOL_EXTENSIONS = YES;
				CLANG_ANALYZER_NONNULL = YES;
				CLANG_ANALYZER_NUMBER_OBJECT_CONVERSION = YES_AGGRESSIVE;
				CLANG_CXX_LANGUAGE_STANDARD = "gnu++20";
				CLANG_ENABLE_MODULES = YES;
				CLANG_ENABLE_OBJC_ARC = YES;
				CLANG_ENABLE_OBJC_WEAK = YES;
				CLANG_WARN_BLOCK_CAPTURE_AUTORELEASING = YES;
				CLANG_WARN_BOOL_CONVERSION = YES;
				CLANG_WARN_COMMA = YES;
				CLANG_WARN_CONSTANT_CONVERSION = YES;
				CLANG_WARN_DEPRECATED_OBJC_IMPLEMENTATIONS = YES;
				CLANG_WARN_DIRECT_OBJC_ISA_USAGE = YES_ERROR;
				CLANG_WARN_DOCUMENTATION_COMMENTS = YES;
				CLANG_WARN_EMPTY_BODY = YES;
				CLANG_WARN_ENUM_CONVERSION = YES;
				CLANG_WARN_INFINITE_RECURSION = YES;
				CLANG_WARN_INT_CONVERSION = YES;
				CLANG_WARN_NON_LITERAL_NULL_CONVERSION = YES;
				CLANG_WARN_OBJC_IMPLICIT_RETAIN_SELF = YES;
				CLANG_WARN_OBJC_LITERAL_CONVERSION = YES;
				CLANG_WARN_OBJC_ROOT_CLASS = YES_ERROR;
				CLANG_WARN_QUOTED_INCLUDE_IN_FRAMEWORK_HEADER = YES;
				CLANG_WARN_RANGE_LOOP_ANALYSIS = YES;
				CLANG_WARN_STRICT_PROTOTYPES = YES;
				CLANG_WARN_SUSPICIOUS_MOVE = YES;
				CLANG_WARN_UNGUARDED_AVAILABILITY = YES_AGGRESSIVE;
				CLANG_WARN_UNREACHABLE_CODE = YES;
				CLANG_WARN__DUPLICATE_METHOD_MATCH = YES;
				COPY_PHASE_STRIP = NO;
				DEBUG_INFORMATION_FORMAT = "dwarf-with-dsym";
				ENABLE_NS_ASSERTIONS = NO;
				ENABLE_STRICT_OBJC_MSGSEND = YES;
				ENABLE_USER_SCRIPT_SANDBOXING = YES;
				GCC_C_LANGUAGE_STANDARD = gnu17;
				GCC_NO_COMMON_BLOCKS = YES;
				GCC_WARN_64_TO_32_BIT_CONVERSION = YES;
				GCC_WARN_ABOUT_RETURN_TYPE = YES_ERROR;
				GCC_WARN_UNDECLARED_SELECTOR = YES;
				GCC_WARN_UNINITIALIZED_AUTOS = YES_AGGRESSIVE;
				GCC_WARN_UNUSED_FUNCTION = YES;
				GCC_WARN_UNUSED_VARIABLE = YES;
				IPHONEOS_DEPLOYMENT_TARGET = 18.2;
				LOCALIZATION_PREFERS_STRING_CATALOGS = YES;
				MTL_ENABLE_DEBUG_INFO = NO;
				MTL_FAST_MATH = YES;
				SDKROOT = iphoneos;
				SWIFT_COMPILATION_MODE = wholemodule;
				VALIDATE_PRODUCT = YES;
			};
			name = Release;
		};
		9DB565182D64AA96001EDC08 /* Debug */ = {
			isa = XCBuildConfiguration;
			buildSettings = {
				ASSETCATALOG_COMPILER_APPICON_NAME = AppIcon;
				ASSETCATALOG_COMPILER_GLOBAL_ACCENT_COLOR_NAME = AccentColor;
				CODE_SIGN_STYLE = Automatic;
				CURRENT_PROJECT_VERSION = 1;
				DEVELOPMENT_ASSET_PATHS = "\"ShoeShop/Preview Content\"";
				DEVELOPMENT_TEAM = 455NF3C33Z;
				ENABLE_PREVIEWS = YES;
				GENERATE_INFOPLIST_FILE = YES;
				INFOPLIST_KEY_UIApplicationSceneManifest_Generation = YES;
				INFOPLIST_KEY_UIApplicationSupportsIndirectInputEvents = YES;
				INFOPLIST_KEY_UILaunchScreen_Generation = YES;
				INFOPLIST_KEY_UISupportedInterfaceOrientations_iPad = "UIInterfaceOrientationPortrait UIInterfaceOrientationPortraitUpsideDown UIInterfaceOrientationLandscapeLeft UIInterfaceOrientationLandscapeRight";
				INFOPLIST_KEY_UISupportedInterfaceOrientations_iPhone = "UIInterfaceOrientationPortrait UIInterfaceOrientationLandscapeLeft UIInterfaceOrientationLandscapeRight";
				LD_RUNPATH_SEARCH_PATHS = (
					"$(inherited)",
					"@executable_path/Frameworks",
				);
				MARKETING_VERSION = 1.0;
				PRODUCT_BUNDLE_IDENTIFIER = com.ay.ShoeShop;
				PRODUCT_NAME = "$(TARGET_NAME)";
				SWIFT_EMIT_LOC_STRINGS = YES;
				SWIFT_VERSION = 5.0;
				TARGETED_DEVICE_FAMILY = "1,2";
			};
			name = Debug;
		};
		9DB565192D64AA96001EDC08 /* Release */ = {
			isa = XCBuildConfiguration;
			buildSettings = {
				ASSETCATALOG_COMPILER_APPICON_NAME = AppIcon;
				ASSETCATALOG_COMPILER_GLOBAL_ACCENT_COLOR_NAME = AccentColor;
				CODE_SIGN_STYLE = Automatic;
				CURRENT_PROJECT_VERSION = 1;
				DEVELOPMENT_ASSET_PATHS = "\"ShoeShop/Preview Content\"";
				DEVELOPMENT_TEAM = 455NF3C33Z;
				ENABLE_PREVIEWS = YES;
				GENERATE_INFOPLIST_FILE = YES;
				INFOPLIST_KEY_UIApplicationSceneManifest_Generation = YES;
				INFOPLIST_KEY_UIApplicationSupportsIndirectInputEvents = YES;
				INFOPLIST_KEY_UILaunchScreen_Generation = YES;
				INFOPLIST_KEY_UISupportedInterfaceOrientations_iPad = "UIInterfaceOrientationPortrait UIInterfaceOrientationPortraitUpsideDown UIInterfaceOrientationLandscapeLeft UIInterfaceOrientationLandscapeRight";
				INFOPLIST_KEY_UISupportedInterfaceOrientations_iPhone = "UIInterfaceOrientationPortrait UIInterfaceOrientationLandscapeLeft UIInterfaceOrientationLandscapeRight";
				LD_RUNPATH_SEARCH_PATHS = (
					"$(inherited)",
					"@executable_path/Frameworks",
				);
				MARKETING_VERSION = 1.0;
				PRODUCT_BUNDLE_IDENTIFIER = com.ay.ShoeShop;
				PRODUCT_NAME = "$(TARGET_NAME)";
				SWIFT_EMIT_LOC_STRINGS = YES;
				SWIFT_VERSION = 5.0;
				TARGETED_DEVICE_FAMILY = "1,2";
			};
			name = Release;
		};
		9DB5651B2D64AA96001EDC08 /* Debug */ = {
			isa = XCBuildConfiguration;
			buildSettings = {
				BUNDLE_LOADER = "$(TEST_HOST)";
				CODE_SIGN_STYLE = Automatic;
				CURRENT_PROJECT_VERSION = 1;
				DEVELOPMENT_TEAM = 455NF3C33Z;
				GENERATE_INFOPLIST_FILE = YES;
				IPHONEOS_DEPLOYMENT_TARGET = 18.2;
				MARKETING_VERSION = 1.0;
				PRODUCT_BUNDLE_IDENTIFIER = com.ay.ShoeShopTests;
				PRODUCT_NAME = "$(TARGET_NAME)";
				SWIFT_EMIT_LOC_STRINGS = NO;
				SWIFT_VERSION = 5.0;
				TARGETED_DEVICE_FAMILY = "1,2";
				TEST_HOST = "$(BUILT_PRODUCTS_DIR)/ShoeShop.app/$(BUNDLE_EXECUTABLE_FOLDER_PATH)/ShoeShop";
			};
			name = Debug;
		};
		9DB5651C2D64AA96001EDC08 /* Release */ = {
			isa = XCBuildConfiguration;
			buildSettings = {
				BUNDLE_LOADER = "$(TEST_HOST)";
				CODE_SIGN_STYLE = Automatic;
				CURRENT_PROJECT_VERSION = 1;
				DEVELOPMENT_TEAM = 455NF3C33Z;
				GENERATE_INFOPLIST_FILE = YES;
				IPHONEOS_DEPLOYMENT_TARGET = 18.2;
				MARKETING_VERSION = 1.0;
				PRODUCT_BUNDLE_IDENTIFIER = com.ay.ShoeShopTests;
				PRODUCT_NAME = "$(TARGET_NAME)";
				SWIFT_EMIT_LOC_STRINGS = NO;
				SWIFT_VERSION = 5.0;
				TARGETED_DEVICE_FAMILY = "1,2";
				TEST_HOST = "$(BUILT_PRODUCTS_DIR)/ShoeShop.app/$(BUNDLE_EXECUTABLE_FOLDER_PATH)/ShoeShop";
			};
			name = Release;
		};
		9DB5651E2D64AA96001EDC08 /* Debug */ = {
			isa = XCBuildConfiguration;
			buildSettings = {
				CODE_SIGN_STYLE = Automatic;
				CURRENT_PROJECT_VERSION = 1;
				DEVELOPMENT_TEAM = 455NF3C33Z;
				GENERATE_INFOPLIST_FILE = YES;
				MARKETING_VERSION = 1.0;
				PRODUCT_BUNDLE_IDENTIFIER = com.ay.ShoeShopUITests;
				PRODUCT_NAME = "$(TARGET_NAME)";
				SWIFT_EMIT_LOC_STRINGS = NO;
				SWIFT_VERSION = 5.0;
				TARGETED_DEVICE_FAMILY = "1,2";
				TEST_TARGET_NAME = ShoeShop;
			};
			name = Debug;
		};
		9DB5651F2D64AA96001EDC08 /* Release */ = {
			isa = XCBuildConfiguration;
			buildSettings = {
				CODE_SIGN_STYLE = Automatic;
				CURRENT_PROJECT_VERSION = 1;
				DEVELOPMENT_TEAM = 455NF3C33Z;
				GENERATE_INFOPLIST_FILE = YES;
				MARKETING_VERSION = 1.0;
				PRODUCT_BUNDLE_IDENTIFIER = com.ay.ShoeShopUITests;
				PRODUCT_NAME = "$(TARGET_NAME)";
				SWIFT_EMIT_LOC_STRINGS = NO;
				SWIFT_VERSION = 5.0;
				TARGETED_DEVICE_FAMILY = "1,2";
				TEST_TARGET_NAME = ShoeShop;
			};
			name = Release;
		};
/* End XCBuildConfiguration section */

/* Begin XCConfigurationList section */
		9DB564EE2D64AA93001EDC08 /* Build configuration list for PBXProject "ShoeShop" */ = {
			isa = XCConfigurationList;
			buildConfigurations = (
				9DB565152D64AA96001EDC08 /* Debug */,
				9DB565162D64AA96001EDC08 /* Release */,
			);
			defaultConfigurationIsVisible = 0;
			defaultConfigurationName = Release;
		};
		9DB565172D64AA96001EDC08 /* Build configuration list for PBXNativeTarget "ShoeShop" */ = {
			isa = XCConfigurationList;
			buildConfigurations = (
				9DB565182D64AA96001EDC08 /* Debug */,
				9DB565192D64AA96001EDC08 /* Release */,
			);
			defaultConfigurationIsVisible = 0;
			defaultConfigurationName = Release;
		};
		9DB5651A2D64AA96001EDC08 /* Build configuration list for PBXNativeTarget "ShoeShopTests" */ = {
			isa = XCConfigurationList;
			buildConfigurations = (
				9DB5651B2D64AA96001EDC08 /* Debug */,
				9DB5651C2D64AA96001EDC08 /* Release */,
			);
			defaultConfigurationIsVisible = 0;
			defaultConfigurationName = Release;
		};
		9DB5651D2D64AA96001EDC08 /* Build configuration list for PBXNativeTarget "ShoeShopUITests" */ = {
			isa = XCConfigurationList;
			buildConfigurations = (
				9DB5651E2D64AA96001EDC08 /* Debug */,
				9DB5651F2D64AA96001EDC08 /* Release */,
			);
			defaultConfigurationIsVisible = 0;
			defaultConfigurationName = Release;
		};
/* End XCConfigurationList section */
	};
	rootObject = 9DB564EB2D64AA93001EDC08 /* Project object */;
}
